{
    "_readme": [
        "This file locks the dependencies of your project to a known state",
        "Read more about it at https://getcomposer.org/doc/01-basic-usage.md#composer-lock-the-lock-file",
        "This file is @generated automatically"
    ],
    "content-hash": "c72ce1747ffee9e5751053d744ef0801",
    "packages": [
        {
            "name": "mihaeu/html-formatter",
            "version": "1.0.0",
            "source": {
                "type": "git",
                "url": "https://github.com/mihaeu/html-formatter.git",
                "reference": "a376177343ffe5484f8457f699237c1863b7cfd5"
            },
            "dist": {
                "type": "zip",
                "url": "https://api.github.com/repos/mihaeu/html-formatter/zipball/a376177343ffe5484f8457f699237c1863b7cfd5",
                "reference": "a376177343ffe5484f8457f699237c1863b7cfd5",
                "shasum": ""
            },
            "type": "library",
            "autoload": {
                "psr-0": {
                    "Mihaeu": "src"
                }
            },
            "notification-url": "https://packagist.org/downloads/",
            "license": [
                "MIT"
            ],
            "authors": [
                {
                    "name": "Michael Haeuslmann",
                    "email": "haeuslmann@gmail.com"
                }
            ],
            "description": "HTML Formatter pritifies HTML content by applying proper intendation (no tidy, purification, etc.).",
            "homepage": "https://github.com/mihaeu/html-formatter",
            "keywords": [
                "clean",
                "formatter",
                "html",
                "pretty"
            ],
            "time": "2013-11-26T11:55:02+00:00"
        }
    ],
    "packages-dev": [],
    "aliases": [],
    "minimum-stability": "stable",
    "stability-flags": [],
    "prefer-stable": false,
    "prefer-lowest": false,
    "platform": [],
    "platform-dev": []
}
